
Microsoft Visual Studio Solution File, Format Version 12.00
# Visual Studio Version 16
VisualStudioVersion = 16.0.30309.148
MinimumVisualStudioVersion = 10.0.40219.1
Project("{FAE04EC0-301F-11D3-BF4B-00C04F79EFBC}") = "MainTask", "MainTask.csproj", "{A1CC8F5D-BC6C-4D8E-876E-DFEDFA1B18DD}"
EndProject
Global
	GlobalSection(SolutionConfigurationPlatforms) = preSolution
		Debug|Any CPU = Debug|Any CPU
		Release|Any CPU = Release|Any CPU
	EndGlobalSection
	GlobalSection(ProjectConfigurationPlatforms) = postSolution
		{A1CC8F5D-BC6C-4D8E-876E-DFEDFA1B18DD}.Debug|Any CPU.ActiveCfg = Debug|Any CPU
		{A1CC8F5D-BC6C-4D8E-876E-DFEDFA1B18DD}.Debug|Any CPU.Build.0 = Debug|Any CPU
		{A1CC8F5D-BC6C-4D8E-876E-DFEDFA1B18DD}.Release|Any CPU.ActiveCfg = Release|Any CPU
		{A1CC8F5D-BC6C-4D8E-876E-DFEDFA1B18DD}.Release|Any CPU.Build.0 = Release|Any CPU
	EndGlobalSection
	GlobalSection(SolutionProperties) = preSolution
		HideSolutionNode = FALSE
	EndGlobalSection
	GlobalSection(ExtensibilityGlobals) = postSolution
		SolutionGuid = {DCD7B27B-8076-452B-B251-B47A937EFD44}
	EndGlobalSection
EndGlobal
